
Microsoft Visual Studio Solution File, Format Version 12.00
# Visual Studio 2015
Project("{FAE04EC0-301F-11D3-BF4B-00C04F79EFBC}") = "VuforiaJuhoTest.CSharp", "VuforiaJuhoTest.CSharp.csproj", "{8188B2AC-F1E8-AA3E-11CE-591F3B3E4F48}"
EndProject
Project("{FAE04EC0-301F-11D3-BF4B-00C04F79EFBC}") = "VuforiaJuhoTest.CSharp.Editor", "VuforiaJuhoTest.CSharp.Editor.csproj", "{96D8263A-F0FB-A5F8-F314-E0530C31E640}"
EndProject
Global
	GlobalSection(SolutionConfigurationPlatforms) = preSolution
		Debug|Any CPU = Debug|Any CPU
		Release|Any CPU = Release|Any CPU
	EndGlobalSection
	GlobalSection(ProjectConfigurationPlatforms) = postSolution
		{8188B2AC-F1E8-AA3E-11CE-591F3B3E4F48}.Debug|Any CPU.ActiveCfg = Debug|Any CPU
		{8188B2AC-F1E8-AA3E-11CE-591F3B3E4F48}.Debug|Any CPU.Build.0 = Debug|Any CPU
		{8188B2AC-F1E8-AA3E-11CE-591F3B3E4F48}.Release|Any CPU.ActiveCfg = Release|Any CPU
		{8188B2AC-F1E8-AA3E-11CE-591F3B3E4F48}.Release|Any CPU.Build.0 = Release|Any CPU
		{96D8263A-F0FB-A5F8-F314-E0530C31E640}.Debug|Any CPU.ActiveCfg = Debug|Any CPU
		{96D8263A-F0FB-A5F8-F314-E0530C31E640}.Debug|Any CPU.Build.0 = Debug|Any CPU
		{96D8263A-F0FB-A5F8-F314-E0530C31E640}.Release|Any CPU.ActiveCfg = Release|Any CPU
		{96D8263A-F0FB-A5F8-F314-E0530C31E640}.Release|Any CPU.Build.0 = Release|Any CPU
	EndGlobalSection
	GlobalSection(SolutionProperties) = preSolution
		HideSolutionNode = FALSE
	EndGlobalSection
EndGlobal
